version = 1
revision = 3
requires-python = ">=3.13"

[[package]]
name = "certifi"
version = "2025.4.26"
source = { registry = "https://pypi.org/simple" }
sdist = { url = "https://files.pythonhosted.org/packages/e8/9e/c05b3920a3b7d20d3d3310465f50348e5b3694f4f88c6daf736eef3024c4/certifi-2025.4.26.tar.gz", hash = "sha256:0a816057ea3cdefcef70270d2c515e4506bbc954f417fa5ade2021213bb8f0c6", size = 160705, upload-time = "2025-04-26T02:12:29.51Z" }
wheels = [
    { url = "https://files.pythonhosted.org/packages/4a/7e/3db2bd1b1f9e95f7cddca6d6e75e2f2bd9f51b1246e546d88addca0106bd/certifi-2025.4.26-py3-none-any.whl", hash = "sha256:30350364dfe371162649852c63336a15c70c6510c2ad5015b21c2345311805f3", size = 159618, upload-time = "2025-04-26T02:12:27.662Z" },
]

[[package]]
name = "challonge-notifier-bot"
version = "0.2.0"
source = { virtual = "." }
dependencies = [
    { name = "pytelegrambotapi" },
    { name = "requests" },
    { name = "resvg-py" },
]

[package.metadata]
requires-dist = [
    { name = "pytelegrambotapi", specifier = ">=4.27.0" },
    { name = "requests", specifier = ">=2.32.3" },
    { name = "resvg-py", specifier = ">=0.3" },
]

[[package]]
name = "charset-normalizer"
version = "3.4.2"
source = { registry = "https://pypi.org/simple" }
sdist = { url = "https://files.pythonhosted.org/packages/e4/33/89c2ced2b67d1c2a61c19c6751aa8902d46ce3dacb23600a283619f5a12d/charset_normalizer-3.4.2.tar.gz", hash = "sha256:5baececa9ecba31eff645232d59845c07aa030f0c81ee70184a90d35099a0e63", size = 126367, upload-time = "2025-05-02T08:34:42.01Z" }
wheels = [
    { url = "https://files.pythonhosted.org/packages/ea/12/a93df3366ed32db1d907d7593a94f1fe6293903e3e92967bebd6950ed12c/charset_normalizer-3.4.2-cp313-cp313-macosx_10_13_universal2.whl", hash = "sha256:926ca93accd5d36ccdabd803392ddc3e03e6d4cd1cf17deff3b989ab8e9dbcf0", size = 199622, upload-time = "2025-05-02T08:32:56.363Z" },
    { url = "https://files.pythonhosted.org/packages/04/93/bf204e6f344c39d9937d3c13c8cd5bbfc266472e51fc8c07cb7f64fcd2de/charset_normalizer-3.4.2-cp313-cp313-manylinux_2_17_aarch64.manylinux2014_aarch64.whl", hash = "sha256:eba9904b0f38a143592d9fc0e19e2df0fa2e41c3c3745554761c5f6447eedabf", size = 143435, upload-time = "2025-05-02T08:32:58.551Z" },
    { url = "https://files.pythonhosted.org/packages/22/2a/ea8a2095b0bafa6c5b5a55ffdc2f924455233ee7b91c69b7edfcc9e02284/charset_normalizer-3.4.2-cp313-cp313-manylinux_2_17_ppc64le.manylinux2014_ppc64le.whl", hash = "sha256:3fddb7e2c84ac87ac3a947cb4e66d143ca5863ef48e4a5ecb83bd48619e4634e", size = 153653, upload-time = "2025-05-02T08:33:00.342Z" },
    { url = "https://files.pythonhosted.org/packages/b6/57/1b090ff183d13cef485dfbe272e2fe57622a76694061353c59da52c9a659/charset_normalizer-3.4.2-cp313-cp313-manylinux_2_17_s390x.manylinux2014_s390x.whl", hash = "sha256:98f862da73774290f251b9df8d11161b6cf25b599a66baf087c1ffe340e9bfd1", size = 146231, upload-time = "2025-05-02T08:33:02.081Z" },
    { url = "https://files.pythonhosted.org/packages/e2/28/ffc026b26f441fc67bd21ab7f03b313ab3fe46714a14b516f931abe1a2d8/charset_normalizer-3.4.2-cp313-cp313-manylinux_2_17_x86_64.manylinux2014_x86_64.whl", hash = "sha256:6c9379d65defcab82d07b2a9dfbfc2e95bc8fe0ebb1b176a3190230a3ef0e07c", size = 148243, upload-time = "2025-05-02T08:33:04.063Z" },
    { url = "https://files.pythonhosted.org/packages/c0/0f/9abe9bd191629c33e69e47c6ef45ef99773320e9ad8e9cb08b8ab4a8d4cb/charset_normalizer-3.4.2-cp313-cp313-manylinux_2_5_i686.manylinux1_i686.manylinux_2_17_i686.manylinux2014_i686.whl", hash = "sha256:e635b87f01ebc977342e2697d05b56632f5f879a4f15955dfe8cef2448b51691", size = 150442, upload-time = "2025-05-02T08:33:06.418Z" },
    { url = "https://files.pythonhosted.org/packages/67/7c/a123bbcedca91d5916c056407f89a7f5e8fdfce12ba825d7d6b9954a1a3c/charset_normalizer-3.4.2-cp313-cp313-musllinux_1_2_aarch64.whl", hash = "sha256:1c95a1e2902a8b722868587c0e1184ad5c55631de5afc0eb96bc4b0d738092c0", size = 145147, upload-time = "2025-05-02T08:33:08.183Z" },
    { url = "https://files.pythonhosted.org/packages/ec/fe/1ac556fa4899d967b83e9893788e86b6af4d83e4726511eaaad035e36595/charset_normalizer-3.4.2-cp313-cp313-musllinux_1_2_i686.whl", hash = "sha256:ef8de666d6179b009dce7bcb2ad4c4a779f113f12caf8dc77f0162c29d20490b", size = 153057, upload-time = "2025-05-02T08:33:09.986Z" },
    { url = "https://files.pythonhosted.org/packages/2b/ff/acfc0b0a70b19e3e54febdd5301a98b72fa07635e56f24f60502e954c461/charset_normalizer-3.4.2-cp313-cp313-musllinux_1_2_ppc64le.whl", hash = "sha256:32fc0341d72e0f73f80acb0a2c94216bd704f4f0bce10aedea38f30502b271ff", size = 156454, upload-time = "2025-05-02T08:33:11.814Z" },
    { url = "https://files.pythonhosted.org/packages/92/08/95b458ce9c740d0645feb0e96cea1f5ec946ea9c580a94adfe0b617f3573/charset_normalizer-3.4.2-cp313-cp313-musllinux_1_2_s390x.whl", hash = "sha256:289200a18fa698949d2b39c671c2cc7a24d44096784e76614899a7ccf2574b7b", size = 154174, upload-time = "2025-05-02T08:33:13.707Z" },
    { url = "https://files.pythonhosted.org/packages/78/be/8392efc43487ac051eee6c36d5fbd63032d78f7728cb37aebcc98191f1ff/charset_normalizer-3.4.2-cp313-cp313-musllinux_1_2_x86_64.whl", hash = "sha256:4a476b06fbcf359ad25d34a057b7219281286ae2477cc5ff5e3f70a246971148", size = 149166, upload-time = "2025-05-02T08:33:15.458Z" },
    { url = "https://files.pythonhosted.org/packages/44/96/392abd49b094d30b91d9fbda6a69519e95802250b777841cf3bda8fe136c/charset_normalizer-3.4.2-cp313-cp313-win32.whl", hash = "sha256:aaeeb6a479c7667fbe1099af9617c83aaca22182d6cf8c53966491a0f1b7ffb7", size = 98064, upload-time = "2025-05-02T08:33:17.06Z" },
    { url = "https://files.pythonhosted.org/packages/e9/b0/0200da600134e001d91851ddc797809e2fe0ea72de90e09bec5a2fbdaccb/charset_normalizer-3.4.2-cp313-cp313-win_amd64.whl", hash = "sha256:aa6af9e7d59f9c12b33ae4e9450619cf2488e2bbe9b44030905877f0b2324980", size = 105641, upload-time = "2025-05-02T08:33:18.753Z" },
    { url = "https://files.pythonhosted.org/packages/20/94/c5790835a017658cbfabd07f3bfb549140c3ac458cfc196323996b10095a/charset_normalizer-3.4.2-py3-none-any.whl", hash = "sha256:7f56930ab0abd1c45cd15be65cc741c28b1c9a34876ce8c17a2fa107810c0af0", size = 52626, upload-time = "2025-05-02T08:34:40.053Z" },
]

[[package]]
name = "idna"
version = "3.10"
source = { registry = "https://pypi.org/simple" }
sdist = { url = "https://files.pythonhosted.org/packages/f1/70/7703c29685631f5a7590aa73f1f1d3fa9a380e654b86af429e0934a32f7d/idna-3.10.tar.gz", hash = "sha256:12f65c9b470abda6dc35cf8e63cc574b1c52b11df2c86030af0ac09b01b13ea9", size = 190490, upload-time = "2024-09-15T18:07:39.745Z" }
wheels = [
    { url = "https://files.pythonhosted.org/packages/76/c6/c88e154df9c4e1a2a66ccf0005a88dfb2650c1dffb6f5ce603dfbd452ce3/idna-3.10-py3-none-any.whl", hash = "sha256:946d195a0d259cbba61165e88e65941f16e9b36ea6ddb97f00452bae8b1287d3", size = 70442, upload-time = "2024-09-15T18:07:37.964Z" },
]

[[package]]
name = "pytelegrambotapi"
version = "4.27.0"
source = { registry = "https://pypi.org/simple" }
dependencies = [
    { name = "requests" },
]
sdist = { url = "https://files.pythonhosted.org/packages/ba/f2/29ae3731db33f7e1e0efcf7055adc8a88d2dde97541ff549d27349e597a2/pytelegrambotapi-4.27.0.tar.gz", hash = "sha256:d89362a34eaaa87b0aff6b2f5445a3af082f04193dcaadb481562def84c59ee9", size = 1355340, upload-time = "2025-05-03T09:34:46.728Z" }
wheels = [
    { url = "https://files.pythonhosted.org/packages/a8/ec/7dc84f817b692a6e1e673a0c335724a0926118541efff86446a20f0fa1f1/pytelegrambotapi-4.27.0-py3-none-any.whl", hash = "sha256:f555cecea9dcc48274c2592f8158e0c336654d3c5a4b86ce44342ffa5f76bd86", size = 287399, upload-time = "2025-05-03T09:34:41.264Z" },
]

[[package]]
name = "requests"
version = "2.32.3"
source = { registry = "https://pypi.org/simple" }
dependencies = [
    { name = "certifi" },
    { name = "charset-normalizer" },
    { name = "idna" },
    { name = "urllib3" },
]
sdist = { url = "https://files.pythonhosted.org/packages/63/70/2bf7780ad2d390a8d301ad0b550f1581eadbd9a20f896afe06353c2a2913/requests-2.32.3.tar.gz", hash = "sha256:55365417734eb18255590a9ff9eb97e9e1da868d4ccd6402399eaf68af20a760", size = 131218, upload-time = "2024-05-29T15:37:49.536Z" }
wheels = [
    { url = "https://files.pythonhosted.org/packages/f9/9b/335f9764261e915ed497fcdeb11df5dfd6f7bf257d4a6a2a686d80da4d54/requests-2.32.3-py3-none-any.whl", hash = "sha256:70761cfe03c773ceb22aa2f671b4757976145175cdfca038c02654d061d6dcc6", size = 64928, upload-time = "2024-05-29T15:37:47.027Z" },
]

[[package]]
name = "resvg-py"
version = "0.3.2"
source = { registry = "https://pypi.org/simple" }
sdist = { url = "https://files.pythonhosted.org/packages/22/2c/6fbd726597184bbcdf371b8adbf249f8d784fb332d6e82ddc1c5cce36b85/resvg_py-0.3.2.tar.gz", hash = "sha256:7eefcbb18b1c86703eb3577cdcc5f6edb94c76dacb340a07b5a052e16047333a", size = 2329387, upload-time = "2026-05-15T16:34:12.087Z" }
wheels = [
    { url = "https://files.pythonhosted.org/packages/19/f9/30e51a8e4bd6d31662b62f140f28c4eddb0669e2c2d47ab53bfdc69e6435/resvg_py-0.3.2-cp313-cp313-macosx_10_12_x86_64.whl", hash = "sha256:985d08609be97976d9516788f26596a6a64ba3f786e13f3e2a90fb6f660a0b5f", size = 1039757, upload-time = "2026-05-15T16:34:02.335Z" },
    { url = "https://files.pythonhosted.org/packages/f5/17/b02182ac5905b778e57192f547754d7113cefed30073ad85fee914a81109/resvg_py-0.3.2-cp313-cp313-macosx_11_0_arm64.whl", hash = "sha256:10ac52b9f651d20d02952d1d08b8e26a1e487cae0a90de2ef4d3071cdb057a0a", size = 992702, upload-time = "2026-05-15T16:33:27.322Z" },
    { url = "https://files.pythonhosted.org/packages/d9/6d/785559da0c6a8264fc7aef05398b0186e1cec2c90e2e392af32c0d48a982/resvg_py-0.3.2-cp313-cp313-manylinux_2_17_aarch64.manylinux2014_aarch64.whl", hash = "sha256:508a4ed2d51e57904c46051835ed14651285d34be88542a048b977becadd2f32", size = 1167153, upload-time = "2026-05-15T16:32:27.055Z" },
    { url = "https://files.pythonhosted.org/packages/54/6f/1a48139e4c776ccc8cac59e3e527f1033630c656e78452427e6f4e582f64/resvg_py-0.3.2-cp313-cp313-manylinux_2_17_armv7l.manylinux2014_armv7l.whl", hash = "sha256:ad547571eeeaaf45b6cef7aa49de575124533d1ab5f6275468f1a80c21d72d40", size = 1108624, upload-time = "2026-05-15T16:33:02.004Z" },
    { url = "https://files.pythonhosted.org/packages/42/3b/ca892c8c51723ed38a4df71215e2261f409df74a45e8f1c07101aafec2c9/resvg_py-0.3.2-cp313-cp313-manylinux_2_17_ppc64le.manylinux2014_ppc64le.whl", hash = "sha256:c637b7dbd3fa5737b748ec0a9379b6be744698c51ce8c8dfab97a64e8cbd1964", size = 1261138, upload-time = "2026-05-15T16:33:04.605Z" },
    { url = "https://files.pythonhosted.org/packages/33/83/9d5cfba2a2c96a1fb3353b429460710b530a0b7ac9940d44cf2d0ad1f18e/resvg_py-0.3.2-cp313-cp313-manylinux_2_17_s390x.manylinux2014_s390x.whl", hash = "sha256:d34bdf6bcf1cb6c431dfb202b4959626a9f8471972fa51d1dbdd2f0afc81eb75", size = 1243233, upload-time = "2026-05-15T16:34:25.567Z" },
    { url = "https://files.pythonhosted.org/packages/6f/f6/5d5da46d47c8e65c2a393b236af339bd1a863ef4974ec86e9691b750ab4a/resvg_py-0.3.2-cp313-cp313-manylinux_2_17_x86_64.manylinux2014_x86_64.whl", hash = "sha256:e402791b3f83d086a9a96c28f34e7970d1a0047b5a51d65244052a4b17c80d74", size = 1166352, upload-time = "2026-05-15T16:33:42.57Z" },
    { url = "https://files.pythonhosted.org/packages/f1/7b/796e9b8e85e69d549650dfa3b185b7df5e8be5328f2d54091e6adcf8b29b/resvg_py-0.3.2-cp313-cp313-manylinux_2_5_i686.manylinux1_i686.whl", hash = "sha256:f812a79b07a94e7ab0f14a7ab7ba7d15cb97dc2f769efc3d66b707271818944a", size = 1235163, upload-time = "2026-05-15T16:33:59.759Z" },
    { url = "https://files.pythonhosted.org/packages/13/b2/4162901d84310a24cc3bd7b6d875fdf54fcd5ea5e5f49301e4da3dd6594e/resvg_py-0.3.2-cp313-cp313-musllinux_1_2_aarch64.whl", hash = "sha256:b65694c1c9b9f392255bdd61dd5b0d6a965bde923444957f6e0db6b287c95469", size = 1344609, upload-time = "2026-05-15T16:34:03.559Z" },
    { url = "https://files.pythonhosted.org/packages/5d/9e/d966bbd4341a6dd788336a3b770c85d2cecd3dc2958e12c6d2f55d78c84f/resvg_py-0.3.2-cp313-cp313-musllinux_1_2_armv7l.whl", hash = "sha256:388b23701e40be279afe4e60da068fe3454dd43167584461c320a9f55a83a2bd", size = 1385431, upload-time = "2026-05-15T16:34:17.048Z" },
    { url = "https://files.pythonhosted.org/packages/e4/0b/722221af9b8d463f0bd9635eda1080e6c695fd5852376501bab0b45be18c/resvg_py-0.3.2-cp313-cp313-musllinux_1_2_i686.whl", hash = "sha256:87e139d098ee82dc55092fc04da7e2a31cb100d63c7ea991bf8e679caf8b4b41", size = 1407820, upload-time = "2026-05-15T16:33:33.659Z" },
    { url = "https://files.pythonhosted.org/packages/3f/51/41ffcbeaf6d2255b96f6565e63f267bd95effda69470ef7fe06575bd9956/resvg_py-0.3.2-cp313-cp313-musllinux_1_2_x86_64.whl", hash = "sha256:65e9a6f6118be7a20fb57182da3f29b8c06ea329810e6041e7c7b245a0b6b7c1", size = 1385287, upload-time = "2026-05-15T16:32:52.294Z" },
    { url = "https://files.pythonhosted.org/packages/e5/28/884b29e6798a49a608b7550256cfcfd007c79e8de1967982b3837b4e9433/resvg_py-0.3.2-cp313-cp313-win_amd64.whl", hash = "sha256:7c459cdb4d1d0a5d9dbfee711f84fbf4551fba08754d21e085b3bd356f851fe1", size = 981874, upload-time = "2026-05-15T16:33:07.375Z" },
    { url = "https://files.pythonhosted.org/packages/ec/f0/18f9531c2085bb343a75fa53dc34a9fb704a1d2d715d08e586f560d46cd3/resvg_py-0.3.2-cp313-cp313-win_arm64.whl", hash = "sha256:356a8522cdbafa7ef9a0546450489e02270a5a723ec50b4c5818b4f2b8f02893", size = 919632, upload-time = "2026-05-15T16:32:56.035Z" },
    { url = "https://files.pythonhosted.org/packages/a5/51/8cc9fd1c8e60bf6b0b073d52b87e4239aaaee2d9c36cd91116ed5a875174/resvg_py-0.3.2-cp313-cp313t-manylinux_2_17_aarch64.manylinux2014_aarch64.whl", hash = "sha256:bea4760b2b5ad416c1d5cb116d57118d37465df6bd6dce633e74b4dec7ac884e", size = 1167143, upload-time = "2026-05-15T16:32:34.462Z" },
    { url = "https://files.pythonhosted.org/packages/c1/55/642e4e380e3ec84de5f69877e92a7ec39fc7bc2817187085a0c8544db044/resvg_py-0.3.2-cp313-cp313t-manylinux_2_17_armv7l.manylinux2014_armv7l.whl", hash = "sha256:7722c2652799b398450c5a926f4004220cc2c9b029ab97f1c9eed2cecbc1e735", size = 1108445, upload-time = "2026-05-15T16:32:42.23Z" },
    { url = "https://files.pythonhosted.org/packages/8f/30/13ac11bfbed2fa5d1b3e5f7ac88056123ee58340e74526fd88d883f399f5/resvg_py-0.3.2-cp313-cp313t-manylinux_2_17_ppc64le.manylinux2014_ppc64le.whl", hash = "sha256:81b54cd02f11d83c82e278bdce7f71d674c6674ee60805c9764956b0492e7762", size = 1261135, upload-time = "2026-05-15T16:33:34.863Z" },
    { url = "https://files.pythonhosted.org/packages/c5/40/30bd973ccf291449207d4e2ef48ba40669e477c0175492059c991c631cad/resvg_py-0.3.2-cp313-cp313t-manylinux_2_17_s390x.manylinux2014_s390x.whl", hash = "sha256:5b9e324236898a3610907b2e7060c599fb6438a5e0e5c72f8314980eebf48be8", size = 1243378, upload-time = "2026-05-15T16:32:53.668Z" },
    { url = "https://files.pythonhosted.org/packages/e8/c5/2dcf2bbbbfb73c506625d51f2bf49110ea98aa5c175a52a8d46a28375b17/resvg_py-0.3.2-cp313-cp313t-musllinux_1_2_aarch64.whl", hash = "sha256:20e986c963f1bda4c1c42a01f89fa7653550f87ff8922da49773d07265a31f79", size = 1344458, upload-time = "2026-05-15T16:33:36.263Z" },
    { url = "https://files.pythonhosted.org/packages/08/6b/9eb3b085e320d7ffec01f4d9db0314753ec8b236aeb3e22819ce2353db5e/resvg_py-0.3.2-cp313-cp313t-musllinux_1_2_armv7l.whl", hash = "sha256:f8a41da73f9fd456a3443f39967b087843b34e8b6e9f87e2989b09c58a7c796e", size = 1385332, upload-time = "2026-05-15T16:33:16.503Z" },
    { url = "https://files.pythonhosted.org/packages/b1/47/5261c9eae75a5daee5864ff247f6c674c798a061711a0089fbd1953f355e/resvg_py-0.3.2-cp313-cp313t-musllinux_1_2_i686.whl", hash = "sha256:9750881a92863236e49776b97ccec8551835eca1a63fcb59baba97d30a2c3daa", size = 1407981, upload-time = "2026-05-15T16:33:46.81Z" },
    { url = "https://files.pythonhosted.org/packages/b9/49/1c9b1365026085dc040df0ff7f3569f78c48d40c3480dd5ede707c1c9553/resvg_py-0.3.2-cp313-cp313t-musllinux_1_2_x86_64.whl", hash = "sha256:cfebf7c2153bec45d8dc536b296f87570411fd85fbeed9cc2955d241ba17fdb8", size = 1385491, upload-time = "2026-05-15T16:32:54.746Z" },
    { url = "https://files.pythonhosted.org/packages/a2/ec/699de825a450208d02650e8e0d9fa8fff057c125d775cdc455a4d1a5aec7/resvg_py-0.3.2-cp314-cp314-android_24_arm64_v8a.whl", hash = "sha256:da3326876bdfe93407c0afd9e6d61b8f78e4357cbb922e28aa4367bf10add2bc", size = 1126562, upload-time = "2026-05-15T16:34:01.265Z" },
    { url = "https://files.pythonhosted.org/packages/3d/35/2250dd97158c2ceff690976a9f9332b51ddaa0aca096a2a9aa3b589757fd/resvg_py-0.3.2-cp314-cp314-android_24_x86_64.whl", hash = "sha256:b68f7b11aac933952449925ff1fa381503a77260ffe12f902125f4581477a541", size = 1136310, upload-time = "2026-05-15T16:32:08.519Z" },
    { url = "https://files.pythonhosted.org/packages/b3/0f/6ca26bde9f7e9cfd5ed4352121404b70d6bc7b1c1cc6c1829b411b4ea0e4/resvg_py-0.3.2-cp314-cp314-macosx_10_12_x86_64.whl", hash = "sha256:6afef0dbcd30ad6a4e1be35fbb2c6706286fec70508e0246c9bdeea580ef4555", size = 1039782, upload-time = "2026-05-15T16:33:37.51Z" },
    { url = "https://files.pythonhosted.org/packages/f1/77/d32d248e145676c57b991bcffebebbe373345beb7e5546fe95e04cd025a0/resvg_py-0.3.2-cp314-cp314-macosx_11_0_arm64.whl", hash = "sha256:eeba3965a0e102de8909a9370ec56e605a9006cc9ce3293edd26c3b3b782c6ba", size = 992606, upload-time = "2026-05-15T16:32:22.855Z" },
    { url = "https://files.pythonhosted.org/packages/ae/b9/78e2d4036897b89a7c0ee24b39055e4306dc9a6707c2c9773caaf08452bd/resvg_py-0.3.2-cp314-cp314-manylinux_2_17_aarch64.manylinux2014_aarch64.whl", hash = "sha256:1d13be473fcbe71a29e18263054b2d13f470b82a30aa24469d7dafe522058505", size = 1167276, upload-time = "2026-05-15T16:33:23.442Z" },
    { url = "https://files.pythonhosted.org/packages/9c/c9/0ca04eb80223a8b32a117c141ba718f444abd29e37474f0d0e3fc88d5762/resvg_py-0.3.2-cp314-cp314-manylinux_2_17_armv7l.manylinux2014_armv7l.whl", hash = "sha256:6b04e5d14977cef633b0a00d335f6727c9c27b024bf4a853d90277906ae2c390", size = 1108715, upload-time = "2026-05-15T16:33:51.882Z" },
    { url = "https://files.pythonhosted.org/packages/f6/9d/b3e8af1bbdd213406bd6511a20c6fca2799b89de3b6a891efcbd8c40e150/resvg_py-0.3.2-cp314-cp314-manylinux_2_17_ppc64le.manylinux2014_ppc64le.whl", hash = "sha256:becdb22ff66023b0f8f4f378a056e40c7d5a02c1ca81bd796591dd3ddffd756c", size = 1261294, upload-time = "2026-05-15T16:32:17.929Z" },
    { url = "https://files.pythonhosted.org/packages/03/ab/171611be6b7fdd1ed52ad7b1dfd5d77e8647b2ffb143ddd267fcf5a97181/resvg_py-0.3.2-cp314-cp314-manylinux_2_17_s390x.manylinux2014_s390x.whl", hash = "sha256:5207bf2c246535ec9bdae28ba6cb92854f9511509ef1cb01733b1e9740198da8", size = 1243506, upload-time = "2026-05-15T16:32:06.79Z" },
    { url = "https://files.pythonhosted.org/packages/62/38/5cbb28b62af89e728fa4d4fcc27f74924a3b322cdc3e013bf5ad7ba26708/resvg_py-0.3.2-cp314-cp314-manylinux_2_17_x86_64.manylinux2014_x86_64.whl", hash = "sha256:65aa10f815e06ed063d93d949da481c73492fb6409260fa1e836ba523f9099e0", size = 1166748, upload-time = "2026-05-15T16:34:15.82Z" },
    { url = "https://files.pythonhosted.org/packages/8e/cb/6db137aa9f804eab38060e747f66b19895fa4b83d3f945e6b289a209f79f/resvg_py-0.3.2-cp314-cp314-manylinux_2_5_i686.manylinux1_i686.whl", hash = "sha256:aa1dfb6e1ac37fefa55e9767459680069f58297902375106e201fcaedd481dcc", size = 1235336, upload-time = "2026-05-15T16:33:08.482Z" },
    { url = "https://files.pythonhosted.org/packages/64/47/dd466c9837d846f2080b524303f80c6d835e5e7f4a8d13df56cb8ce336f3/resvg_py-0.3.2-cp314-cp314-musllinux_1_2_aarch64.whl", hash = "sha256:65b9ed1f42fde56211c4b1b47389beebd67861a971d65eba5e67e52b3e80f03d", size = 1344899, upload-time = "2026-05-15T16:33:09.505Z" },
    { url = "https://files.pythonhosted.org/packages/5c/c2/b46e2f6968f5bd286241362a8d3eee706e5c5bd3d0a9dd6bcdb66de33847/resvg_py-0.3.2-cp314-cp314-musllinux_1_2_armv7l.whl", hash = "sha256:ab559b5845ed45aabd474710bff2d7a73a6bc6026b78fb73f958408fb373f5cd", size = 1385514, upload-time = "2026-05-15T16:32:12.995Z" },
    { url = "https://files.pythonhosted.org/packages/45/4b/ce6d866b4251314bc814925edf258127c0926bfb3e2ade97dbc6fb724ea3/resvg_py-0.3.2-cp314-cp314-musllinux_1_2_i686.whl", hash = "sha256:4fdd946a0fbcc00423d2f7de3c95f84b5573d50011e515a9f1edf1518ae522e1", size = 1407769, upload-time = "2026-05-15T16:33:30.924Z" },
    { url = "https://files.pythonhosted.org/packages/5f/71/f6df102c0f4f33e9b1df3cd042526ac434f519e9fbc5fe229cb1801bbac6/resvg_py-0.3.2-cp314-cp314-musllinux_1_2_x86_64.whl", hash = "sha256:66874a19209a905b278320e91739d8419f85870f9dda4fdaaf9bbd8dad83610f", size = 1385486, upload-time = "2026-05-15T16:33:32.162Z" },
    { url = "https://files.pythonhosted.org/packages/cd/a3/2f09c62b333dbcbf199468d3edf1fc23efcd8a7db30f8775173d0c1bb0d0/resvg_py-0.3.2-cp314-cp314-win32.whl", hash = "sha256:a19034354e4af48993b9397123049344ab4766c2b44c72d5fdc0ee49c27023cc", size = 966152, upload-time = "2026-05-15T16:32:59.512Z" },
    { url = "https://files.pythonhosted.org/packages/4d/9e/a6720b7fff4eab79d73dbf4d3a88689996d8bc4f6d0ff6855e542c3013df/resvg_py-0.3.2-cp314-cp314-win_amd64.whl", hash = "sha256:1276bb7d4a0c73c1a6b9c08bae54d85affc934b762f5843d892a516d2c023d97", size = 982133, upload-time = "2026-05-15T16:33:48.136Z" },
    { url = "https://files.pythonhosted.org/packages/58/91/b2c0db947388f8242cb96fb946c1d1ca08ecc00cea471f7f4fad0f13f42b/resvg_py-0.3.2-cp314-cp314-win_arm64.whl", hash = "sha256:415509d213eaba339b4118a6e36cca7b6ee760b21703cdfdc8d9c934e30bb99b", size = 919643, upload-time = "2026-05-15T16:33:19.488Z" },
    { url = "https://files.pythonhosted.org/packages/c8/47/f7900962e2fd3258cf8314e9f15c9abd8f585dcae545aff9b28571cab648/resvg_py-0.3.2-cp314-cp314t-manylinux_2_17_aarch64.manylinux2014_aarch64.whl", hash = "sha256:854a4bb16b8c61177ab543f2711c7b6a0d1f84fd3e8644aaf5e01587fe4c2750", size = 1167258, upload-time = "2026-05-15T16:32:39.754Z" },
    { url = "https://files.pythonhosted.org/packages/bc/04/830a64eccb2d2cd632405c01c178144b48fcbe8e5a1d82a7a66776414610/resvg_py-0.3.2-cp314-cp314t-manylinux_2_17_armv7l.manylinux2014_armv7l.whl", hash = "sha256:57840840a1728003a2c7cde85f66241a6b9197746c9a02c374aa533ef2292ce3", size = 1108459, upload-time = "2026-05-15T16:33:10.933Z" },
    { url = "https://files.pythonhosted.org/packages/ca/75/edf102ef26eaffd4d03fa105d8905c927c8d78e80343801371643d40a8c7/resvg_py-0.3.2-cp314-cp314t-manylinux_2_17_ppc64le.manylinux2014_ppc64le.whl", hash = "sha256:877a7b9056395c73644d8987ab93c99996aa3283843b49ad2a4443a3b44cf969", size = 1261223, upload-time = "2026-05-15T16:32:20.25Z" },
    { url = "https://files.pythonhosted.org/packages/69/52/84306200924474cc2d34db82d9f505fc36e66e147dd5667a05a80c05a0d9/resvg_py-0.3.2-cp314-cp314t-manylinux_2_17_s390x.manylinux2014_s390x.whl", hash = "sha256:991bccafe6487010f9b635e0c01620550d49f504020dbc4a5a75702efdfc8294", size = 1243430, upload-time = "2026-05-15T16:33:24.752Z" },
    { url = "https://files.pythonhosted.org/packages/d3/09/5b1d4f082028e5d31a3a03b02c4c046c4c86640e3087ac884eb41d20f540/resvg_py-0.3.2-cp314-cp314t-musllinux_1_2_aarch64.whl", hash = "sha256:b44b2b41bca6437976226a11acd41cb7b77fa06ed007d0953648d76d0ba6f4db", size = 1344561, upload-time = "2026-05-15T16:33:14.724Z" },
    { url = "https://files.pythonhosted.org/packages/bd/34/70dfea52bd5b6db319e73be08000ab7a7bcbc77672c00ac441d409f69fb1/resvg_py-0.3.2-cp314-cp314t-musllinux_1_2_armv7l.whl", hash = "sha256:4004e7d1f3cab2000646400fc131388e2a86b092c3814288facd21bde54c7938", size = 1385394, upload-time = "2026-05-15T16:32:38.478Z" },
    { url = "https://files.pythonhosted.org/packages/32/27/f14b87436f22c7bac0274125c0a06068b70e4daa65eedf9cfc72246be1e2/resvg_py-0.3.2-cp314-cp314t-musllinux_1_2_i686.whl", hash = "sha256:ddda286dc5a1e9a2a4ae35a5b700b81eacf400c560c3032d59a40a45f5f4fbfb", size = 1408038, upload-time = "2026-05-15T16:32:44.549Z" },
    { url = "https://files.pythonhosted.org/packages/8c/46/731565006f07c3b42176fdc4f2997a6d7d86900a14db4ddc2b92e98a2307/resvg_py-0.3.2-cp314-cp314t-musllinux_1_2_x86_64.whl", hash = "sha256:deda8a5ca6a3d9d74c201c95727a9e53491171c56f747c9e938d9e72295257d8", size = 1385478, upload-time = "2026-05-15T16:34:06.541Z" },
    { url = "https://files.pythonhosted.org/packages/d6/05/f91153ca2bbc59e20d6af19f10645e82703627ba959fd68043487cde23bf/resvg_py-0.3.2-cp315-cp315-manylinux_2_17_x86_64.manylinux2014_x86_64.whl", hash = "sha256:9cc5361e73e4f1ff7de8c65827d8e0de9577b9bab08684341ccf2fdeb1893426", size = 1166748, upload-time = "2026-05-15T16:34:21.646Z" },
    { url = "https://files.pythonhosted.org/packages/e0/ce/c0455dbc89cfa79bde16c785028838ed4c8a1abedfb095d26b29ec29edda/resvg_py-0.3.2-cp315-cp315-manylinux_2_5_i686.manylinux1_i686.whl", hash = "sha256:fc21bdd26a4a791c93192566f65dc1e521519973f4e92e2f0147aa9ddb9f3fec", size = 1235334, upload-time = "2026-05-15T16:33:39.89Z" },
]

[[package]]
name = "urllib3"
version = "2.4.0"
source = { registry = "https://pypi.org/simple" }
sdist = { url = "https://files.pythonhosted.org/packages/8a/78/16493d9c386d8e60e442a35feac5e00f0913c0f4b7c217c11e8ec2ff53e0/urllib3-2.4.0.tar.gz", hash = "sha256:414bc6535b787febd7567804cc015fee39daab8ad86268f1310a9250697de466", size = 390672, upload-time = "2025-04-10T15:23:39.232Z" }
wheels = [
    { url = "https://files.pythonhosted.org/packages/6b/11/cc635220681e93a0183390e26485430ca2c7b5f9d33b15c74c2861cb8091/urllib3-2.4.0-py3-none-any.whl", hash = "sha256:4e16665048960a0900c702d4a66415956a584919c03361cac9f1df5c5dd7e813", size = 128680, upload-time = "2025-04-10T15:23:37.377Z" },
]
